
Microsoft Visual Studio Solution File, Format Version 12.00
# Visual Studio Version 17
VisualStudioVersion = 17.1.32421.90
MinimumVisualStudioVersion = 10.0.40219.1
Project("{FAE04EC0-301F-11D3-BF4B-00C04F79EFBC}") = "todo", "todo\todo.csproj", "{AB3FA93B-3877-4F76-A139-023C36820C66}"
EndProject
Global
	GlobalSection(SolutionConfigurationPlatforms) = preSolution
		Debug|Any CPU = Debug|Any CPU
		Release|Any CPU = Release|Any CPU
	EndGlobalSection
	GlobalSection(ProjectConfigurationPlatforms) = postSolution
		{AB3FA93B-3877-4F76-A139-023C36820C66}.Debug|Any CPU.ActiveCfg = Debug|Any CPU
		{AB3FA93B-3877-4F76-A139-023C36820C66}.Debug|Any CPU.Build.0 = Debug|Any CPU
		{AB3FA93B-3877-4F76-A139-023C36820C66}.Release|Any CPU.ActiveCfg = Release|Any CPU
		{AB3FA93B-3877-4F76-A139-023C36820C66}.Release|Any CPU.Build.0 = Release|Any CPU
	EndGlobalSection
	GlobalSection(SolutionProperties) = preSolution
		HideSolutionNode = FALSE
	EndGlobalSection
	GlobalSection(ExtensibilityGlobals) = postSolution
		SolutionGuid = {05889AB1-4433-4D44-90B3-ECB88E81F784}
	EndGlobalSection
EndGlobal
